
Microsoft Visual Studio Solution File, Format Version 12.00
# Visual Studio Version 17
VisualStudioVersion = 17.4.33213.308
MinimumVisualStudioVersion = 10.0.40219.1
Project("{FAE04EC0-301F-11D3-BF4B-00C04F79EFBC}") = "Lab12Class", "Lab12Class\Lab12Class.csproj", "{160759C1-1D77-4AC4-B48C-C72A6A4B44A5}"
EndProject
Global
	GlobalSection(SolutionConfigurationPlatforms) = preSolution
		Debug|Any CPU = Debug|Any CPU
		Release|Any CPU = Release|Any CPU
	EndGlobalSection
	GlobalSection(ProjectConfigurationPlatforms) = postSolution
		{160759C1-1D77-4AC4-B48C-C72A6A4B44A5}.Debug|Any CPU.ActiveCfg = Debug|Any CPU
		{160759C1-1D77-4AC4-B48C-C72A6A4B44A5}.Debug|Any CPU.Build.0 = Debug|Any CPU
		{160759C1-1D77-4AC4-B48C-C72A6A4B44A5}.Release|Any CPU.ActiveCfg = Release|Any CPU
		{160759C1-1D77-4AC4-B48C-C72A6A4B44A5}.Release|Any CPU.Build.0 = Release|Any CPU
	EndGlobalSection
	GlobalSection(SolutionProperties) = preSolution
		HideSolutionNode = FALSE
	EndGlobalSection
	GlobalSection(ExtensibilityGlobals) = postSolution
		SolutionGuid = {A3770FCC-081E-4C36-89D7-D976753959E6}
	EndGlobalSection
EndGlobal
